
Microsoft Visual Studio Solution File, Format Version 12.00
# Visual Studio Version 17
VisualStudioVersion = 17.5.002.0
MinimumVisualStudioVersion = 10.0.40219.1
Project("{9A19103F-16F7-4668-BE54-9A1E7A4F7556}") = "Todo", "Todo.csproj", "{08112914-C866-44A3-B32D-BE453D492AA2}"
EndProject
Global
	GlobalSection(SolutionConfigurationPlatforms) = preSolution
		Debug|Any CPU = Debug|Any CPU
		Release|Any CPU = Release|Any CPU
	EndGlobalSection
	GlobalSection(ProjectConfigurationPlatforms) = postSolution
		{08112914-C866-44A3-B32D-BE453D492AA2}.Debug|Any CPU.ActiveCfg = Debug|Any CPU
		{08112914-C866-44A3-B32D-BE453D492AA2}.Debug|Any CPU.Build.0 = Debug|Any CPU
		{08112914-C866-44A3-B32D-BE453D492AA2}.Release|Any CPU.ActiveCfg = Release|Any CPU
		{08112914-C866-44A3-B32D-BE453D492AA2}.Release|Any CPU.Build.0 = Release|Any CPU
	EndGlobalSection
	GlobalSection(SolutionProperties) = preSolution
		HideSolutionNode = FALSE
	EndGlobalSection
	GlobalSection(ExtensibilityGlobals) = postSolution
		SolutionGuid = {42DE87C4-F958-4F95-91DB-7465ADC70B55}
	EndGlobalSection
EndGlobal
